
Microsoft Visual Studio Solution File, Format Version 12.00
# Visual Studio 15
VisualStudioVersion = 15.0.26621.2
MinimumVisualStudioVersion = 10.0.40219.1
Project("{9A19103F-16F7-4668-BE54-9A1E7A4F7556}") = "AWSPing", "AWSPing\AWSPing.csproj", "{570C959A-7FF7-4980-8A7E-797D44464FF4}"
EndProject
Global
	GlobalSection(SolutionConfigurationPlatforms) = preSolution
		Debug|Any CPU = Debug|Any CPU
		Release|Any CPU = Release|Any CPU
	EndGlobalSection
	GlobalSection(ProjectConfigurationPlatforms) = postSolution
		{570C959A-7FF7-4980-8A7E-797D44464FF4}.Debug|Any CPU.ActiveCfg = Debug|Any CPU
		{570C959A-7FF7-4980-8A7E-797D44464FF4}.Debug|Any CPU.Build.0 = Debug|Any CPU
		{570C959A-7FF7-4980-8A7E-797D44464FF4}.Release|Any CPU.ActiveCfg = Release|Any CPU
		{570C959A-7FF7-4980-8A7E-797D44464FF4}.Release|Any CPU.Build.0 = Release|Any CPU
	EndGlobalSection
	GlobalSection(SolutionProperties) = preSolution
		HideSolutionNode = FALSE
	EndGlobalSection
	GlobalSection(ExtensibilityGlobals) = postSolution
		SolutionGuid = {1D14F548-27A6-4A0C-9D1E-8636696C7DB1}
	EndGlobalSection
EndGlobal
